
Microsoft Visual Studio Solution File, Format Version 12.00
# Visual Studio Version 16
VisualStudioVersion = 16.0.31424.327
MinimumVisualStudioVersion = 10.0.40219.1
Project("{FAE04EC0-301F-11D3-BF4B-00C04F79EFBC}") = "ProjectX_API_Activity1", "ProjectX_API_Activity1\ProjectX_API_Activity1.csproj", "{C2CEBD27-4DE1-448E-9A51-91E31EA23B84}"
EndProject
Project("{FAE04EC0-301F-11D3-BF4B-00C04F79EFBC}") = "ProjectXBAL", "ProjectXBL\ProjectXBAL.csproj", "{F14A42B7-4BB8-4947-9869-D8D99B9C0EBB}"
EndProject
Project("{FAE04EC0-301F-11D3-BF4B-00C04F79EFBC}") = "ProjectXDAL", "ProjectXDAL\ProjectXDAL.csproj", "{A63E09A9-A247-4EED-B95F-5D6B89CBF4A9}"
EndProject
Project("{FAE04EC0-301F-11D3-BF4B-00C04F79EFBC}") = "ProjectXDTO", "ProjectXDTO\ProjectXDTO.csproj", "{67034074-9820-43D4-9C6F-6A7ECE1826A0}"
EndProject
Global
	GlobalSection(SolutionConfigurationPlatforms) = preSolution
		Debug|Any CPU = Debug|Any CPU
		Release|Any CPU = Release|Any CPU
	EndGlobalSection
	GlobalSection(ProjectConfigurationPlatforms) = postSolution
		{C2CEBD27-4DE1-448E-9A51-91E31EA23B84}.Debug|Any CPU.ActiveCfg = Debug|Any CPU
		{C2CEBD27-4DE1-448E-9A51-91E31EA23B84}.Debug|Any CPU.Build.0 = Debug|Any CPU
		{C2CEBD27-4DE1-448E-9A51-91E31EA23B84}.Release|Any CPU.ActiveCfg = Release|Any CPU
		{C2CEBD27-4DE1-448E-9A51-91E31EA23B84}.Release|Any CPU.Build.0 = Release|Any CPU
		{F14A42B7-4BB8-4947-9869-D8D99B9C0EBB}.Debug|Any CPU.ActiveCfg = Debug|Any CPU
		{F14A42B7-4BB8-4947-9869-D8D99B9C0EBB}.Debug|Any CPU.Build.0 = Debug|Any CPU
		{F14A42B7-4BB8-4947-9869-D8D99B9C0EBB}.Release|Any CPU.ActiveCfg = Release|Any CPU
		{F14A42B7-4BB8-4947-9869-D8D99B9C0EBB}.Release|Any CPU.Build.0 = Release|Any CPU
		{A63E09A9-A247-4EED-B95F-5D6B89CBF4A9}.Debug|Any CPU.ActiveCfg = Debug|Any CPU
		{A63E09A9-A247-4EED-B95F-5D6B89CBF4A9}.Debug|Any CPU.Build.0 = Debug|Any CPU
		{A63E09A9-A247-4EED-B95F-5D6B89CBF4A9}.Release|Any CPU.ActiveCfg = Release|Any CPU
		{A63E09A9-A247-4EED-B95F-5D6B89CBF4A9}.Release|Any CPU.Build.0 = Release|Any CPU
		{67034074-9820-43D4-9C6F-6A7ECE1826A0}.Debug|Any CPU.ActiveCfg = Debug|Any CPU
		{67034074-9820-43D4-9C6F-6A7ECE1826A0}.Debug|Any CPU.Build.0 = Debug|Any CPU
		{67034074-9820-43D4-9C6F-6A7ECE1826A0}.Release|Any CPU.ActiveCfg = Release|Any CPU
		{67034074-9820-43D4-9C6F-6A7ECE1826A0}.Release|Any CPU.Build.0 = Release|Any CPU
	EndGlobalSection
	GlobalSection(SolutionProperties) = preSolution
		HideSolutionNode = FALSE
	EndGlobalSection
	GlobalSection(ExtensibilityGlobals) = postSolution
		SolutionGuid = {51830051-ED81-48A2-90C5-997D4C7A4E4F}
	EndGlobalSection
EndGlobal
